// !$*UTF8*$!
{
	archiveVersion = 1;
	classes = {
	};
	objectVersion = 56;
	objects = {

/* Begin PBXBuildFile section */
		7BB225B0FDD1601B4081A49E /* Pods_PhotoEditorDemo.framework in Frameworks */ = {isa = PBXBuildFile; fileRef = 5929EBDD93B2BE28324C51B1 /* Pods_PhotoEditorDemo.framework */; };
		F1AEB8742C3038CC00109CAF /* AppDelegate.swift in Sources */ = {isa = PBXBuildFile; fileRef = F1AEB8732C3038CC00109CAF /* AppDelegate.swift */; };
		F1AEB8762C3038CC00109CAF /* SceneDelegate.swift in Sources */ = {isa = PBXBuildFile; fileRef = F1AEB8752C3038CC00109CAF /* SceneDelegate.swift */; };
		F1AEB8782C3038CC00109CAF /* ViewController.swift in Sources */ = {isa = PBXBuildFile; fileRef = F1AEB8772C3038CC00109CAF /* ViewController.swift */; };
		F1AEB87B2C3038CC00109CAF /* Main.storyboard in Resources */ = {isa = PBXBuildFile; fileRef = F1AEB8792C3038CC00109CAF /* Main.storyboard */; };
		F1AEB87D2C3038CE00109CAF /* Assets.xcassets in Resources */ = {isa = PBXBuildFile; fileRef = F1AEB87C2C3038CE00109CAF /* Assets.xcassets */; };
		F1AEB8802C3038CE00109CAF /* LaunchScreen.storyboard in Resources */ = {isa = PBXBuildFile; fileRef = F1AEB87E2C3038CE00109CAF /* LaunchScreen.storyboard */; };
		F1EA659E2C92CF5600702F8D /* Color.swift in Sources */ = {isa = PBXBuildFile; fileRef = F1EA659D2C92CF5600702F8D /* Color.swift */; };
/* End PBXBuildFile section */

/* Begin PBXFileReference section */
		5929EBDD93B2BE28324C51B1 /* Pods_PhotoEditorDemo.framework */ = {isa = PBXFileReference; explicitFileType = wrapper.framework; includeInIndex = 0; path = Pods_PhotoEditorDemo.framework; sourceTree = BUILT_PRODUCTS_DIR; };
		59D842CFA3604DDDBF0083A8 /* Pods-PhotoEditorDemo.debug.xcconfig */ = {isa = PBXFileReference; includeInIndex = 1; lastKnownFileType = text.xcconfig; name = "Pods-PhotoEditorDemo.debug.xcconfig"; path = "Target Support Files/Pods-PhotoEditorDemo/Pods-PhotoEditorDemo.debug.xcconfig"; sourceTree = "<group>"; };
		F1AEB8702C3038CC00109CAF /* PhotoEditorDemo.app */ = {isa = PBXFileReference; explicitFileType = wrapper.application; includeInIndex = 0; path = PhotoEditorDemo.app; sourceTree = BUILT_PRODUCTS_DIR; };
		F1AEB8732C3038CC00109CAF /* AppDelegate.swift */ = {isa = PBXFileReference; lastKnownFileType = sourcecode.swift; path = AppDelegate.swift; sourceTree = "<group>"; };
		F1AEB8752C3038CC00109CAF /* SceneDelegate.swift */ = {isa = PBXFileReference; lastKnownFileType = sourcecode.swift; path = SceneDelegate.swift; sourceTree = "<group>"; };
		F1AEB8772C3038CC00109CAF /* ViewController.swift */ = {isa = PBXFileReference; lastKnownFileType = sourcecode.swift; path = ViewController.swift; sourceTree = "<group>"; };
		F1AEB87A2C3038CC00109CAF /* Base */ = {isa = PBXFileReference; lastKnownFileType = file.storyboard; name = Base; path = Base.lproj/Main.storyboard; sourceTree = "<group>"; };
		F1AEB87C2C3038CE00109CAF /* Assets.xcassets */ = {isa = PBXFileReference; lastKnownFileType = folder.assetcatalog; path = Assets.xcassets; sourceTree = "<group>"; };
		F1AEB87F2C3038CE00109CAF /* Base */ = {isa = PBXFileReference; lastKnownFileType = file.storyboard; name = Base; path = Base.lproj/LaunchScreen.storyboard; sourceTree = "<group>"; };
		F1AEB8812C3038CE00109CAF /* Info.plist */ = {isa = PBXFileReference; lastKnownFileType = text.plist.xml; path = Info.plist; sourceTree = "<group>"; };
		F1DA788AEF877ADC57B5DC84 /* Pods-PhotoEditorDemo.release.xcconfig */ = {isa = PBXFileReference; includeInIndex = 1; lastKnownFileType = text.xcconfig; name = "Pods-PhotoEditorDemo.release.xcconfig"; path = "Target Support Files/Pods-PhotoEditorDemo/Pods-PhotoEditorDemo.release.xcconfig"; sourceTree = "<group>"; };
		F1EA659D2C92CF5600702F8D /* Color.swift */ = {isa = PBXFileReference; lastKnownFileType = sourcecode.swift; path = Color.swift; sourceTree = "<group>"; };
/* End PBXFileReference section */

/* Begin PBXFrameworksBuildPhase section */
		F1AEB86D2C3038CC00109CAF /* Frameworks */ = {
			isa = PBXFrameworksBuildPhase;
			buildActionMask = 2147483647;
			files = (
				7BB225B0FDD1601B4081A49E /* Pods_PhotoEditorDemo.framework in Frameworks */,
			);
			runOnlyForDeploymentPostprocessing = 0;
		};
/* End PBXFrameworksBuildPhase section */

/* Begin PBXGroup section */
		13AECF9D93D10A23CBC77172 /* Pods */ = {
			isa = PBXGroup;
			children = (
				59D842CFA3604DDDBF0083A8 /* Pods-PhotoEditorDemo.debug.xcconfig */,
				F1DA788AEF877ADC57B5DC84 /* Pods-PhotoEditorDemo.release.xcconfig */,
			);
			path = Pods;
			sourceTree = "<group>";
		};
		5EBB9CD7EB8D4A66783DE354 /* Frameworks */ = {
			isa = PBXGroup;
			children = (
				5929EBDD93B2BE28324C51B1 /* Pods_PhotoEditorDemo.framework */,
			);
			name = Frameworks;
			sourceTree = "<group>";
		};
		F1AEB8672C3038CC00109CAF = {
			isa = PBXGroup;
			children = (
				F1AEB8722C3038CC00109CAF /* PhotoEditorDemo */,
				F1AEB8712C3038CC00109CAF /* Products */,
				13AECF9D93D10A23CBC77172 /* Pods */,
				5EBB9CD7EB8D4A66783DE354 /* Frameworks */,
			);
			sourceTree = "<group>";
		};
		F1AEB8712C3038CC00109CAF /* Products */ = {
			isa = PBXGroup;
			children = (
				F1AEB8702C3038CC00109CAF /* PhotoEditorDemo.app */,
			);
			name = Products;
			sourceTree = "<group>";
		};
		F1AEB8722C3038CC00109CAF /* PhotoEditorDemo */ = {
			isa = PBXGroup;
			children = (
				F1EA659F2C93038200702F8D /* Enums */,
				F1AEB8732C3038CC00109CAF /* AppDelegate.swift */,
				F1AEB8752C3038CC00109CAF /* SceneDelegate.swift */,
				F1AEB8772C3038CC00109CAF /* ViewController.swift */,
				F1AEB8792C3038CC00109CAF /* Main.storyboard */,
				F1AEB87C2C3038CE00109CAF /* Assets.xcassets */,
				F1AEB87E2C3038CE00109CAF /* LaunchScreen.storyboard */,
				F1AEB8812C3038CE00109CAF /* Info.plist */,
			);
			path = PhotoEditorDemo;
			sourceTree = "<group>";
		};
		F1EA659F2C93038200702F8D /* Enums */ = {
			isa = PBXGroup;
			children = (
				F1EA659D2C92CF5600702F8D /* Color.swift */,
			);
			path = Enums;
			sourceTree = "<group>";
		};
/* End PBXGroup section */

/* Begin PBXNativeTarget section */
		F1AEB86F2C3038CC00109CAF /* PhotoEditorDemo */ = {
			isa = PBXNativeTarget;
			buildConfigurationList = F1AEB8842C3038CE00109CAF /* Build configuration list for PBXNativeTarget "PhotoEditorDemo" */;
			buildPhases = (
				3EAFD1E728607B91CBBAA601 /* [CP] Check Pods Manifest.lock */,
				F1AEB86C2C3038CC00109CAF /* Sources */,
				F1AEB86D2C3038CC00109CAF /* Frameworks */,
				F1AEB86E2C3038CC00109CAF /* Resources */,
				70AEA5E79A76DF9BF904544D /* [CP] Embed Pods Frameworks */,
			);
			buildRules = (
			);
			dependencies = (
			);
			name = PhotoEditorDemo;
			productName = PhotoEditorDemo;
			productReference = F1AEB8702C3038CC00109CAF /* PhotoEditorDemo.app */;
			productType = "com.apple.product-type.application";
		};
/* End PBXNativeTarget section */

/* Begin PBXProject section */
		F1AEB8682C3038CC00109CAF /* Project object */ = {
			isa = PBXProject;
			attributes = {
				BuildIndependentTargetsInParallel = 1;
				LastSwiftUpdateCheck = 1420;
				LastUpgradeCheck = 1420;
				TargetAttributes = {
					F1AEB86F2C3038CC00109CAF = {
						CreatedOnToolsVersion = 14.2;
					};
				};
			};
			buildConfigurationList = F1AEB86B2C3038CC00109CAF /* Build configuration list for PBXProject "PhotoEditorDemo" */;
			compatibilityVersion = "Xcode 14.0";
			developmentRegion = en;
			hasScannedForEncodings = 0;
			knownRegions = (
				en,
				Base,
			);
			mainGroup = F1AEB8672C3038CC00109CAF;
			productRefGroup = F1AEB8712C3038CC00109CAF /* Products */;
			projectDirPath = "";
			projectRoot = "";
			targets = (
				F1AEB86F2C3038CC00109CAF /* PhotoEditorDemo */,
			);
		};
/* End PBXProject section */

/* Begin PBXResourcesBuildPhase section */
		F1AEB86E2C3038CC00109CAF /* Resources */ = {
			isa = PBXResourcesBuildPhase;
			buildActionMask = 2147483647;
			files = (
				F1AEB8802C3038CE00109CAF /* LaunchScreen.storyboard in Resources */,
				F1AEB87D2C3038CE00109CAF /* Assets.xcassets in Resources */,
				F1AEB87B2C3038CC00109CAF /* Main.storyboard in Resources */,
			);
			runOnlyForDeploymentPostprocessing = 0;
		};
/* End PBXResourcesBuildPhase section */

/* Begin PBXShellScriptBuildPhase section */
		3EAFD1E728607B91CBBAA601 /* [CP] Check Pods Manifest.lock */ = {
			isa = PBXShellScriptBuildPhase;
			buildActionMask = 2147483647;
			files = (
			);
			inputFileListPaths = (
			);
			inputPaths = (
				"${PODS_PODFILE_DIR_PATH}/Podfile.lock",
				"${PODS_ROOT}/Manifest.lock",
			);
			name = "[CP] Check Pods Manifest.lock";
			outputFileListPaths = (
			);
			outputPaths = (
				"$(DERIVED_FILE_DIR)/Pods-PhotoEditorDemo-checkManifestLockResult.txt",
			);
			runOnlyForDeploymentPostprocessing = 0;
			shellPath = /bin/sh;
			shellScript = "diff \"${PODS_PODFILE_DIR_PATH}/Podfile.lock\" \"${PODS_ROOT}/Manifest.lock\" > /dev/null\nif [ $? != 0 ] ; then\n    # print error to STDERR\n    echo \"error: The sandbox is not in sync with the Podfile.lock. Run 'pod install' or update your CocoaPods installation.\" >&2\n    exit 1\nfi\n# This output is used by Xcode 'outputs' to avoid re-running this script phase.\necho \"SUCCESS\" > \"${SCRIPT_OUTPUT_FILE_0}\"\n";
			showEnvVarsInLog = 0;
		};
		70AEA5E79A76DF9BF904544D /* [CP] Embed Pods Frameworks */ = {
			isa = PBXShellScriptBuildPhase;
			buildActionMask = 2147483647;
			files = (
			);
			inputFileListPaths = (
				"${PODS_ROOT}/Target Support Files/Pods-PhotoEditorDemo/Pods-PhotoEditorDemo-frameworks-${CONFIGURATION}-input-files.xcfilelist",
			);
			name = "[CP] Embed Pods Frameworks";
			outputFileListPaths = (
				"${PODS_ROOT}/Target Support Files/Pods-PhotoEditorDemo/Pods-PhotoEditorDemo-frameworks-${CONFIGURATION}-output-files.xcfilelist",
			);
			runOnlyForDeploymentPostprocessing = 0;
			shellPath = /bin/sh;
			shellScript = "\"${PODS_ROOT}/Target Support Files/Pods-PhotoEditorDemo/Pods-PhotoEditorDemo-frameworks.sh\"\n";
			showEnvVarsInLog = 0;
		};
/* End PBXShellScriptBuildPhase section */

/* Begin PBXSourcesBuildPhase section */
		F1AEB86C2C3038CC00109CAF /* Sources */ = {
			isa = PBXSourcesBuildPhase;
			buildActionMask = 2147483647;
			files = (
				F1AEB8782C3038CC00109CAF /* ViewController.swift in Sources */,
				F1EA659E2C92CF5600702F8D /* Color.swift in Sources */,
				F1AEB8742C3038CC00109CAF /* AppDelegate.swift in Sources */,
				F1AEB8762C3038CC00109CAF /* SceneDelegate.swift in Sources */,
			);
			runOnlyForDeploymentPostprocessing = 0;
		};
/* End PBXSourcesBuildPhase section */

/* Begin PBXVariantGroup section */
		F1AEB8792C3038CC00109CAF /* Main.storyboard */ = {
			isa = PBXVariantGroup;
			children = (
				F1AEB87A2C3038CC00109CAF /* Base */,
			);
			name = Main.storyboard;
			sourceTree = "<group>";
		};
		F1AEB87E2C3038CE00109CAF /* LaunchScreen.storyboard */ = {
			isa = PBXVariantGroup;
			children = (
				F1AEB87F2C3038CE00109CAF /* Base */,
			);
			name = LaunchScreen.storyboard;
			sourceTree = "<group>";
		};
/* End PBXVariantGroup section */

/* Begin XCBuildConfiguration section */
		F1AEB8822C3038CE00109CAF /* Debug */ = {
			isa = XCBuildConfiguration;
			buildSettings = {
				ALWAYS_SEARCH_USER_PATHS = NO;
				CLANG_ANALYZER_NONNULL = YES;
				CLANG_ANALYZER_NUMBER_OBJECT_CONVERSION = YES_AGGRESSIVE;
				CLANG_CXX_LANGUAGE_STANDARD = "gnu++20";
				CLANG_ENABLE_MODULES = YES;
				CLANG_ENABLE_OBJC_ARC = YES;
				CLANG_ENABLE_OBJC_WEAK = YES;
				CLANG_WARN_BLOCK_CAPTURE_AUTORELEASING = YES;
				CLANG_WARN_BOOL_CONVERSION = YES;
				CLANG_WARN_COMMA = YES;
				CLANG_WARN_CONSTANT_CONVERSION = YES;
				CLANG_WARN_DEPRECATED_OBJC_IMPLEMENTATIONS = YES;
				CLANG_WARN_DIRECT_OBJC_ISA_USAGE = YES_ERROR;
				CLANG_WARN_DOCUMENTATION_COMMENTS = YES;
				CLANG_WARN_EMPTY_BODY = YES;
				CLANG_WARN_ENUM_CONVERSION = YES;
				CLANG_WARN_INFINITE_RECURSION = YES;
				CLANG_WARN_INT_CONVERSION = YES;
				CLANG_WARN_NON_LITERAL_NULL_CONVERSION = YES;
				CLANG_WARN_OBJC_IMPLICIT_RETAIN_SELF = YES;
				CLANG_WARN_OBJC_LITERAL_CONVERSION = YES;
				CLANG_WARN_OBJC_ROOT_CLASS = YES_ERROR;
				CLANG_WARN_QUOTED_INCLUDE_IN_FRAMEWORK_HEADER = YES;
				CLANG_WARN_RANGE_LOOP_ANALYSIS = YES;
				CLANG_WARN_STRICT_PROTOTYPES = YES;
				CLANG_WARN_SUSPICIOUS_MOVE = YES;
				CLANG_WARN_UNGUARDED_AVAILABILITY = YES_AGGRESSIVE;
				CLANG_WARN_UNREACHABLE_CODE = YES;
				CLANG_WARN__DUPLICATE_METHOD_MATCH = YES;
				COPY_PHASE_STRIP = NO;
				DEBUG_INFORMATION_FORMAT = dwarf;
				ENABLE_STRICT_OBJC_MSGSEND = YES;
				ENABLE_TESTABILITY = YES;
				GCC_C_LANGUAGE_STANDARD = gnu11;
				GCC_DYNAMIC_NO_PIC = NO;
				GCC_NO_COMMON_BLOCKS = YES;
				GCC_OPTIMIZATION_LEVEL = 0;
				GCC_PREPROCESSOR_DEFINITIONS = (
					"DEBUG=1",
					"$(inherited)",
				);
				GCC_WARN_64_TO_32_BIT_CONVERSION = YES;
				GCC_WARN_ABOUT_RETURN_TYPE = YES_ERROR;
				GCC_WARN_UNDECLARED_SELECTOR = YES;
				GCC_WARN_UNINITIALIZED_AUTOS = YES_AGGRESSIVE;
				GCC_WARN_UNUSED_FUNCTION = YES;
				GCC_WARN_UNUSED_VARIABLE = YES;
				IPHONEOS_DEPLOYMENT_TARGET = 16.2;
				MTL_ENABLE_DEBUG_INFO = INCLUDE_SOURCE;
				MTL_FAST_MATH = YES;
				ONLY_ACTIVE_ARCH = YES;
				SDKROOT = iphoneos;
				SWIFT_ACTIVE_COMPILATION_CONDITIONS = DEBUG;
				SWIFT_OPTIMIZATION_LEVEL = "-Onone";
			};
			name = Debug;
		};
		F1AEB8832C3038CE00109CAF /* Release */ = {
			isa = XCBuildConfiguration;
			buildSettings = {
				ALWAYS_SEARCH_USER_PATHS = NO;
				CLANG_ANALYZER_NONNULL = YES;
				CLANG_ANALYZER_NUMBER_OBJECT_CONVERSION = YES_AGGRESSIVE;
				CLANG_CXX_LANGUAGE_STANDARD = "gnu++20";
				CLANG_ENABLE_MODULES = YES;
				CLANG_ENABLE_OBJC_ARC = YES;
				CLANG_ENABLE_OBJC_WEAK = YES;
				CLANG_WARN_BLOCK_CAPTURE_AUTORELEASING = YES;
				CLANG_WARN_BOOL_CONVERSION = YES;
				CLANG_WARN_COMMA = YES;
				CLANG_WARN_CONSTANT_CONVERSION = YES;
				CLANG_WARN_DEPRECATED_OBJC_IMPLEMENTATIONS = YES;
				CLANG_WARN_DIRECT_OBJC_ISA_USAGE = YES_ERROR;
				CLANG_WARN_DOCUMENTATION_COMMENTS = YES;
				CLANG_WARN_EMPTY_BODY = YES;
				CLANG_WARN_ENUM_CONVERSION = YES;
				CLANG_WARN_INFINITE_RECURSION = YES;
				CLANG_WARN_INT_CONVERSION = YES;
				CLANG_WARN_NON_LITERAL_NULL_CONVERSION = YES;
				CLANG_WARN_OBJC_IMPLICIT_RETAIN_SELF = YES;
				CLANG_WARN_OBJC_LITERAL_CONVERSION = YES;
				CLANG_WARN_OBJC_ROOT_CLASS = YES_ERROR;
				CLANG_WARN_QUOTED_INCLUDE_IN_FRAMEWORK_HEADER = YES;
				CLANG_WARN_RANGE_LOOP_ANALYSIS = YES;
				CLANG_WARN_STRICT_PROTOTYPES = YES;
				CLANG_WARN_SUSPICIOUS_MOVE = YES;
				CLANG_WARN_UNGUARDED_AVAILABILITY = YES_AGGRESSIVE;
				CLANG_WARN_UNREACHABLE_CODE = YES;
				CLANG_WARN__DUPLICATE_METHOD_MATCH = YES;
				COPY_PHASE_STRIP = NO;
				DEBUG_INFORMATION_FORMAT = "dwarf-with-dsym";
				ENABLE_NS_ASSERTIONS = NO;
				ENABLE_STRICT_OBJC_MSGSEND = YES;
				GCC_C_LANGUAGE_STANDARD = gnu11;
				GCC_NO_COMMON_BLOCKS = YES;
				GCC_WARN_64_TO_32_BIT_CONVERSION = YES;
				GCC_WARN_ABOUT_RETURN_TYPE = YES_ERROR;
				GCC_WARN_UNDECLARED_SELECTOR = YES;
				GCC_WARN_UNINITIALIZED_AUTOS = YES_AGGRESSIVE;
				GCC_WARN_UNUSED_FUNCTION = YES;
				GCC_WARN_UNUSED_VARIABLE = YES;
				IPHONEOS_DEPLOYMENT_TARGET = 16.2;
				MTL_ENABLE_DEBUG_INFO = NO;
				MTL_FAST_MATH = YES;
				SDKROOT = iphoneos;
				SWIFT_COMPILATION_MODE = wholemodule;
				SWIFT_OPTIMIZATION_LEVEL = "-O";
				VALIDATE_PRODUCT = YES;
			};
			name = Release;
		};
		F1AEB8852C3038CE00109CAF /* Debug */ = {
			isa = XCBuildConfiguration;
			baseConfigurationReference = 59D842CFA3604DDDBF0083A8 /* Pods-PhotoEditorDemo.debug.xcconfig */;
			buildSettings = {
				ASSETCATALOG_COMPILER_APPICON_NAME = AppIcon;
				ASSETCATALOG_COMPILER_GLOBAL_ACCENT_COLOR_NAME = AccentColor;
				CODE_SIGN_STYLE = Automatic;
				CURRENT_PROJECT_VERSION = 1;
				DEVELOPMENT_TEAM = SYBT8K9398;
				GENERATE_INFOPLIST_FILE = YES;
				INFOPLIST_FILE = PhotoEditorDemo/Info.plist;
				INFOPLIST_KEY_UIApplicationSupportsIndirectInputEvents = YES;
				INFOPLIST_KEY_UILaunchStoryboardName = LaunchScreen;
				INFOPLIST_KEY_UIMainStoryboardFile = Main;
				INFOPLIST_KEY_UISupportedInterfaceOrientations_iPad = "UIInterfaceOrientationPortrait UIInterfaceOrientationPortraitUpsideDown UIInterfaceOrientationLandscapeLeft UIInterfaceOrientationLandscapeRight";
				INFOPLIST_KEY_UISupportedInterfaceOrientations_iPhone = "UIInterfaceOrientationPortrait UIInterfaceOrientationLandscapeLeft UIInterfaceOrientationLandscapeRight";
				IPHONEOS_DEPLOYMENT_TARGET = 15.0;
				LD_RUNPATH_SEARCH_PATHS = (
					"$(inherited)",
					"@executable_path/Frameworks",
				);
				MARKETING_VERSION = 1.0;
				PRODUCT_BUNDLE_IDENTIFIER = com.bezlepkin.photoeditor.PhotoEditorDemo;
				PRODUCT_NAME = "$(TARGET_NAME)";
				SWIFT_EMIT_LOC_STRINGS = YES;
				SWIFT_VERSION = 5.0;
				TARGETED_DEVICE_FAMILY = "1,2";
			};
			name = Debug;
		};
		F1AEB8862C3038CE00109CAF /* Release */ = {
			isa = XCBuildConfiguration;
			baseConfigurationReference = F1DA788AEF877ADC57B5DC84 /* Pods-PhotoEditorDemo.release.xcconfig */;
			buildSettings = {
				ASSETCATALOG_COMPILER_APPICON_NAME = AppIcon;
				ASSETCATALOG_COMPILER_GLOBAL_ACCENT_COLOR_NAME = AccentColor;
				CODE_SIGN_STYLE = Automatic;
				CURRENT_PROJECT_VERSION = 1;
				DEVELOPMENT_TEAM = SYBT8K9398;
				GENERATE_INFOPLIST_FILE = YES;
				INFOPLIST_FILE = PhotoEditorDemo/Info.plist;
				INFOPLIST_KEY_UIApplicationSupportsIndirectInputEvents = YES;
				INFOPLIST_KEY_UILaunchStoryboardName = LaunchScreen;
				INFOPLIST_KEY_UIMainStoryboardFile = Main;
				INFOPLIST_KEY_UISupportedInterfaceOrientations_iPad = "UIInterfaceOrientationPortrait UIInterfaceOrientationPortraitUpsideDown UIInterfaceOrientationLandscapeLeft UIInterfaceOrientationLandscapeRight";
				INFOPLIST_KEY_UISupportedInterfaceOrientations_iPhone = "UIInterfaceOrientationPortrait UIInterfaceOrientationLandscapeLeft UIInterfaceOrientationLandscapeRight";
				IPHONEOS_DEPLOYMENT_TARGET = 15.0;
				LD_RUNPATH_SEARCH_PATHS = (
					"$(inherited)",
					"@executable_path/Frameworks",
				);
				MARKETING_VERSION = 1.0;
				PRODUCT_BUNDLE_IDENTIFIER = com.bezlepkin.photoeditor.PhotoEditorDemo;
				PRODUCT_NAME = "$(TARGET_NAME)";
				SWIFT_EMIT_LOC_STRINGS = YES;
				SWIFT_VERSION = 5.0;
				TARGETED_DEVICE_FAMILY = "1,2";
			};
			name = Release;
		};
/* End XCBuildConfiguration section */

/* Begin XCConfigurationList section */
		F1AEB86B2C3038CC00109CAF /* Build configuration list for PBXProject "PhotoEditorDemo" */ = {
			isa = XCConfigurationList;
			buildConfigurations = (
				F1AEB8822C3038CE00109CAF /* Debug */,
				F1AEB8832C3038CE00109CAF /* Release */,
			);
			defaultConfigurationIsVisible = 0;
			defaultConfigurationName = Release;
		};
		F1AEB8842C3038CE00109CAF /* Build configuration list for PBXNativeTarget "PhotoEditorDemo" */ = {
			isa = XCConfigurationList;
			buildConfigurations = (
				F1AEB8852C3038CE00109CAF /* Debug */,
				F1AEB8862C3038CE00109CAF /* Release */,
			);
			defaultConfigurationIsVisible = 0;
			defaultConfigurationName = Release;
		};
/* End XCConfigurationList section */
	};
	rootObject = F1AEB8682C3038CC00109CAF /* Project object */;
}
